
Microsoft Visual Studio Solution File, Format Version 12.00
# Visual Studio 15
VisualStudioVersion = 15.0.28010.2048
MinimumVisualStudioVersion = 10.0.40219.1
Project("{E24C65DC-7377-472B-9ABA-BC803B73C61A}") = "CssDasmoto", "CssDasmoto\", "{B12A95FD-7EA1-4717-A8FB-3C9A298DA28B}"
	ProjectSection(WebsiteProperties) = preProject
		TargetFrameworkMoniker = ".NETFramework,Version%3Dv4.7"
		Debug.AspNetCompiler.VirtualPath = "/localhost_3769"
		Debug.AspNetCompiler.PhysicalPath = "CssDasmoto\"
		Debug.AspNetCompiler.TargetPath = "PrecompiledWeb\localhost_3769\"
		Debug.AspNetCompiler.Updateable = "true"
		Debug.AspNetCompiler.ForceOverwrite = "true"
		Debug.AspNetCompiler.FixedNames = "false"
		Debug.AspNetCompiler.Debug = "True"
		Release.AspNetCompiler.VirtualPath = "/localhost_3769"
		Release.AspNetCompiler.PhysicalPath = "CssDasmoto\"
		Release.AspNetCompiler.TargetPath = "PrecompiledWeb\localhost_3769\"
		Release.AspNetCompiler.Updateable = "true"
		Release.AspNetCompiler.ForceOverwrite = "true"
		Release.AspNetCompiler.FixedNames = "false"
		Release.AspNetCompiler.Debug = "False"
		VWDPort = "3769"
		SlnRelativePath = "CssDasmoto\"
		DefaultWebSiteLanguage = "Visual C#"
	EndProjectSection
EndProject
Global
	GlobalSection(SolutionConfigurationPlatforms) = preSolution
		Debug|Any CPU = Debug|Any CPU
	EndGlobalSection
	GlobalSection(ProjectConfigurationPlatforms) = postSolution
		{B12A95FD-7EA1-4717-A8FB-3C9A298DA28B}.Debug|Any CPU.ActiveCfg = Debug|Any CPU
		{B12A95FD-7EA1-4717-A8FB-3C9A298DA28B}.Debug|Any CPU.Build.0 = Debug|Any CPU
	EndGlobalSection
	GlobalSection(SolutionProperties) = preSolution
		HideSolutionNode = FALSE
	EndGlobalSection
	GlobalSection(ExtensibilityGlobals) = postSolution
		SolutionGuid = {0806D436-77C2-4CED-9DCE-FE851D646F1B}
	EndGlobalSection
EndGlobal
